
Microsoft Visual Studio Solution File, Format Version 12.00
# Visual Studio Version 17
VisualStudioVersion = 17.8.34330.188
MinimumVisualStudioVersion = 10.0.40219.1
Project("{FAE04EC0-301F-11D3-BF4B-00C04F79EFBC}") = "class1", "class1\class1.csproj", "{D9457039-25A5-4464-B094-1808C0729EBD}"
EndProject
Project("{FAE04EC0-301F-11D3-BF4B-00C04F79EFBC}") = "TestClass", "TestClass\TestClass.csproj", "{94AAEE57-966B-4089-B617-72E41DDEA2B2}"
EndProject
Global
	GlobalSection(SolutionConfigurationPlatforms) = preSolution
		Debug|Any CPU = Debug|Any CPU
		Release|Any CPU = Release|Any CPU
	EndGlobalSection
	GlobalSection(ProjectConfigurationPlatforms) = postSolution
		{D9457039-25A5-4464-B094-1808C0729EBD}.Debug|Any CPU.ActiveCfg = Debug|Any CPU
		{D9457039-25A5-4464-B094-1808C0729EBD}.Debug|Any CPU.Build.0 = Debug|Any CPU
		{D9457039-25A5-4464-B094-1808C0729EBD}.Release|Any CPU.ActiveCfg = Release|Any CPU
		{D9457039-25A5-4464-B094-1808C0729EBD}.Release|Any CPU.Build.0 = Release|Any CPU
		{94AAEE57-966B-4089-B617-72E41DDEA2B2}.Debug|Any CPU.ActiveCfg = Debug|Any CPU
		{94AAEE57-966B-4089-B617-72E41DDEA2B2}.Debug|Any CPU.Build.0 = Debug|Any CPU
		{94AAEE57-966B-4089-B617-72E41DDEA2B2}.Release|Any CPU.ActiveCfg = Release|Any CPU
		{94AAEE57-966B-4089-B617-72E41DDEA2B2}.Release|Any CPU.Build.0 = Release|Any CPU
	EndGlobalSection
	GlobalSection(SolutionProperties) = preSolution
		HideSolutionNode = FALSE
	EndGlobalSection
	GlobalSection(ExtensibilityGlobals) = postSolution
		SolutionGuid = {C55830B9-01B4-4EED-BA9D-F82745944B2E}
	EndGlobalSection
EndGlobal
